{
  "name": "regex-file-search",
  "version": "1.0.0",
  "lockfileVersion": 2,
  "requires": true,
  "packages": {
    "": {
      "name": "regex-file-search",
      "version": "1.0.0",
      "license": "Apache-2.0",
      "dependencies": {
        "@root/walk": "^1.1.0",
        "flourite": "^1.2.2",
        "istextorbinary": "^6.0.0",
        "line-column": "^1.0.2",
        "process.argv": "^0.6.0"
      }
    },
    "node_modules/@root/walk": {
      "version": "1.1.0",
      "resolved": "https://registry.npmjs.org/@root/walk/-/walk-1.1.0.tgz",
      "integrity": "sha512-FfXPAta9u2dBuaXhPRawBcijNC9rmKVApmbi6lIZyg36VR/7L02ytxoY5K/14PJlHqiBUoYII73cTlekdKTUOw=="
    },
    "node_modules/binaryextensions": {
      "version": "4.18.0",
      "resolved": "https://registry.npmjs.org/binaryextensions/-/binaryextensions-4.18.0.tgz",
      "integrity": "sha512-PQu3Kyv9dM4FnwB7XGj1+HucW+ShvJzJqjuw1JkKVs1mWdwOKVcRjOi+pV9X52A0tNvrPCsPkbFFQb+wE1EAXw==",
      "engines": {
        "node": ">=0.8"
      },
      "funding": {
        "url": "https://bevry.me/fund"
      }
    },
    "node_modules/flourite": {
      "version": "1.2.2",
      "resolved": "https://registry.npmjs.org/flourite/-/flourite-1.2.2.tgz",
      "integrity": "sha512-eSRUyfKaJ0dyyas8GOQEqwYCcBymfjS+bMgzQAq2rA6jCbkeCm7upT8o5HmBT3SILzslzeUqEvjak1MjJY+NrA==",
      "funding": {
        "url": "https://saweria.co/teknologiumum"
      }
    },
    "node_modules/isarray": {
      "version": "1.0.0",
      "resolved": "https://registry.npmjs.org/isarray/-/isarray-1.0.0.tgz",
      "integrity": "sha512-VLghIWNM6ELQzo7zwmcg0NmTVyWKYjvIeM83yjp0wRDTmUnrM678fQbcKBo6n2CJEF0szoG//ytg+TKla89ALQ=="
    },
    "node_modules/isobject": {
      "version": "2.1.0",
      "resolved": "https://registry.npmjs.org/isobject/-/isobject-2.1.0.tgz",
      "integrity": "sha512-+OUdGJlgjOBZDfxnDjYYG6zp487z0JGNQq3cYQYg5f5hKR+syHMsaztzGeml/4kGG55CSpKSpWTY+jYGgsHLgA==",
      "dependencies": {
        "isarray": "1.0.0"
      },
      "engines": {
        "node": ">=0.10.0"
      }
    },
    "node_modules/istextorbinary": {
      "version": "6.0.0",
      "resolved": "https://registry.npmjs.org/istextorbinary/-/istextorbinary-6.0.0.tgz",
      "integrity": "sha512-4j3UqQCa06GAf6QHlN3giz2EeFU7qc6Q5uB/aY7Gmb3xmLDLepDOtsZqkb4sCfJgFvTbLUinNw0kHgHs8XOHoQ==",
      "dependencies": {
        "binaryextensions": "^4.18.0",
        "textextensions": "^5.14.0"
      },
      "engines": {
        "node": ">=10"
      },
      "funding": {
        "url": "https://bevry.me/fund"
      }
    },
    "node_modules/line-column": {
      "version": "1.0.2",
      "resolved": "https://registry.npmjs.org/line-column/-/line-column-1.0.2.tgz",
      "integrity": "sha512-Ktrjk5noGYlHsVnYWh62FLVs4hTb8A3e+vucNZMgPeAOITdshMSgv4cCZQeRDjm7+goqmo6+liZwTXo+U3sVww==",
      "dependencies": {
        "isarray": "^1.0.0",
        "isobject": "^2.0.0"
      }
    },
    "node_modules/obop": {
      "version": "0.2.1",
      "resolved": "https://registry.npmjs.org/obop/-/obop-0.2.1.tgz",
      "integrity": "sha512-cw8GJUfhWqFK/NOEZfBUhn8mLrnyRfbWyK9MGl/hFaLQDh1QlaOapvnTsB8X+xWMFEi4pr5BCQXaiuDD2iFJww=="
    },
    "node_modules/process.argv": {
      "version": "0.6.0",
      "resolved": "https://registry.npmjs.org/process.argv/-/process.argv-0.6.0.tgz",
      "integrity": "sha512-G5Y6H3IXEOO8dOoWVH+Ml1fSnjfRYruxl/Yuw43x8ncKzyS5k26bwNpITb7qc/TU3JqIttkh74zhLN64CDW0Yw==",
      "dependencies": {
        "obop": "^0.2.0"
      }
    },
    "node_modules/textextensions": {
      "version": "5.15.0",
      "resolved": "https://registry.npmjs.org/textextensions/-/textextensions-5.15.0.tgz",
      "integrity": "sha512-MeqZRHLuaGamUXGuVn2ivtU3LA3mLCCIO5kUGoohTCoGmCBg/+8yPhWVX9WSl9telvVd8erftjFk9Fwb2dD6rw==",
      "engines": {
        "node": ">=0.8"
      },
      "funding": {
        "url": "https://bevry.me/fund"
      }
    }
  },
  "dependencies": {
    "@root/walk": {
      "version": "1.1.0",
      "resolved": "https://registry.npmjs.org/@root/walk/-/walk-1.1.0.tgz",
      "integrity": "sha512-FfXPAta9u2dBuaXhPRawBcijNC9rmKVApmbi6lIZyg36VR/7L02ytxoY5K/14PJlHqiBUoYII73cTlekdKTUOw=="
    },
    "binaryextensions": {
      "version": "4.18.0",
      "resolved": "https://registry.npmjs.org/binaryextensions/-/binaryextensions-4.18.0.tgz",
      "integrity": "sha512-PQu3Kyv9dM4FnwB7XGj1+HucW+ShvJzJqjuw1JkKVs1mWdwOKVcRjOi+pV9X52A0tNvrPCsPkbFFQb+wE1EAXw=="
    },
    "flourite": {
      "version": "1.2.2",
      "resolved": "https://registry.npmjs.org/flourite/-/flourite-1.2.2.tgz",
      "integrity": "sha512-eSRUyfKaJ0dyyas8GOQEqwYCcBymfjS+bMgzQAq2rA6jCbkeCm7upT8o5HmBT3SILzslzeUqEvjak1MjJY+NrA=="
    },
    "isarray": {
      "version": "1.0.0",
      "resolved": "https://registry.npmjs.org/isarray/-/isarray-1.0.0.tgz",
      "integrity": "sha512-VLghIWNM6ELQzo7zwmcg0NmTVyWKYjvIeM83yjp0wRDTmUnrM678fQbcKBo6n2CJEF0szoG//ytg+TKla89ALQ=="
    },
    "isobject": {
      "version": "2.1.0",
      "resolved": "https://registry.npmjs.org/isobject/-/isobject-2.1.0.tgz",
      "integrity": "sha512-+OUdGJlgjOBZDfxnDjYYG6zp487z0JGNQq3cYQYg5f5hKR+syHMsaztzGeml/4kGG55CSpKSpWTY+jYGgsHLgA==",
      "requires": {
        "isarray": "1.0.0"
      }
    },
    "istextorbinary": {
      "version": "6.0.0",
      "resolved": "https://registry.npmjs.org/istextorbinary/-/istextorbinary-6.0.0.tgz",
      "integrity": "sha512-4j3UqQCa06GAf6QHlN3giz2EeFU7qc6Q5uB/aY7Gmb3xmLDLepDOtsZqkb4sCfJgFvTbLUinNw0kHgHs8XOHoQ==",
      "requires": {
        "binaryextensions": "^4.18.0",
        "textextensions": "^5.14.0"
      }
    },
    "line-column": {
      "version": "1.0.2",
      "resolved": "https://registry.npmjs.org/line-column/-/line-column-1.0.2.tgz",
      "integrity": "sha512-Ktrjk5noGYlHsVnYWh62FLVs4hTb8A3e+vucNZMgPeAOITdshMSgv4cCZQeRDjm7+goqmo6+liZwTXo+U3sVww==",
      "requires": {
        "isarray": "^1.0.0",
        "isobject": "^2.0.0"
      }
    },
    "obop": {
      "version": "0.2.1",
      "resolved": "https://registry.npmjs.org/obop/-/obop-0.2.1.tgz",
      "integrity": "sha512-cw8GJUfhWqFK/NOEZfBUhn8mLrnyRfbWyK9MGl/hFaLQDh1QlaOapvnTsB8X+xWMFEi4pr5BCQXaiuDD2iFJww=="
    },
    "process.argv": {
      "version": "0.6.0",
      "resolved": "https://registry.npmjs.org/process.argv/-/process.argv-0.6.0.tgz",
      "integrity": "sha512-G5Y6H3IXEOO8dOoWVH+Ml1fSnjfRYruxl/Yuw43x8ncKzyS5k26bwNpITb7qc/TU3JqIttkh74zhLN64CDW0Yw==",
      "requires": {
        "obop": "^0.2.0"
      }
    },
    "textextensions": {
      "version": "5.15.0",
      "resolved": "https://registry.npmjs.org/textextensions/-/textextensions-5.15.0.tgz",
      "integrity": "sha512-MeqZRHLuaGamUXGuVn2ivtU3LA3mLCCIO5kUGoohTCoGmCBg/+8yPhWVX9WSl9telvVd8erftjFk9Fwb2dD6rw=="
    }
  }
}
